
Microsoft Visual Studio Solution File, Format Version 12.00
# Visual Studio Version 16
VisualStudioVersion = 16.0.29009.5
MinimumVisualStudioVersion = 10.0.40219.1
Project("{FAE04EC0-301F-11D3-BF4B-00C04F79EFBC}") = "FarmWars", "FarmWars\FarmWars.csproj", "{E2661BB7-8CF6-45E1-A810-2A723D6A3519}"
EndProject
Global
	GlobalSection(SolutionConfigurationPlatforms) = preSolution
		Debug|Any CPU = Debug|Any CPU
		Release|Any CPU = Release|Any CPU
	EndGlobalSection
	GlobalSection(ProjectConfigurationPlatforms) = postSolution
		{E2661BB7-8CF6-45E1-A810-2A723D6A3519}.Debug|Any CPU.ActiveCfg = Debug|Any CPU
		{E2661BB7-8CF6-45E1-A810-2A723D6A3519}.Debug|Any CPU.Build.0 = Debug|Any CPU
		{E2661BB7-8CF6-45E1-A810-2A723D6A3519}.Release|Any CPU.ActiveCfg = Release|Any CPU
		{E2661BB7-8CF6-45E1-A810-2A723D6A3519}.Release|Any CPU.Build.0 = Release|Any CPU
	EndGlobalSection
	GlobalSection(SolutionProperties) = preSolution
		HideSolutionNode = FALSE
	EndGlobalSection
	GlobalSection(ExtensibilityGlobals) = postSolution
		SolutionGuid = {2860B129-9CBA-4243-8AE5-D91E864E4495}
	EndGlobalSection
EndGlobal
